
Microsoft Visual Studio Solution File, Format Version 12.00
# Visual Studio Version 17
VisualStudioVersion = 17.8.34330.188
MinimumVisualStudioVersion = 10.0.40219.1
Project("{FAE04EC0-301F-11D3-BF4B-00C04F79EFBC}") = "2023_02_2", "2023_02_2\2023_02_2.csproj", "{01F141D4-4B67-4893-8769-D278E9A72185}"
EndProject
Global
	GlobalSection(SolutionConfigurationPlatforms) = preSolution
		Debug|Any CPU = Debug|Any CPU
		Release|Any CPU = Release|Any CPU
	EndGlobalSection
	GlobalSection(ProjectConfigurationPlatforms) = postSolution
		{01F141D4-4B67-4893-8769-D278E9A72185}.Debug|Any CPU.ActiveCfg = Debug|Any CPU
		{01F141D4-4B67-4893-8769-D278E9A72185}.Debug|Any CPU.Build.0 = Debug|Any CPU
		{01F141D4-4B67-4893-8769-D278E9A72185}.Release|Any CPU.ActiveCfg = Release|Any CPU
		{01F141D4-4B67-4893-8769-D278E9A72185}.Release|Any CPU.Build.0 = Release|Any CPU
	EndGlobalSection
	GlobalSection(SolutionProperties) = preSolution
		HideSolutionNode = FALSE
	EndGlobalSection
	GlobalSection(ExtensibilityGlobals) = postSolution
		SolutionGuid = {A466F3B5-B525-40F6-B297-CB7F4E86BD13}
	EndGlobalSection
EndGlobal
