
Microsoft Visual Studio Solution File, Format Version 12.00
# Visual Studio Version 17
VisualStudioVersion = 17.9.34616.47
MinimumVisualStudioVersion = 10.0.40219.1
Project("{FAE04EC0-301F-11D3-BF4B-00C04F79EFBC}") = "YpalREST", "YpalREST\YpalREST.csproj", "{BACA150E-8336-4AFC-ACC6-19FF6F0E332A}"
EndProject
Global
	GlobalSection(SolutionConfigurationPlatforms) = preSolution
		Debug|Any CPU = Debug|Any CPU
		Release|Any CPU = Release|Any CPU
	EndGlobalSection
	GlobalSection(ProjectConfigurationPlatforms) = postSolution
		{BACA150E-8336-4AFC-ACC6-19FF6F0E332A}.Debug|Any CPU.ActiveCfg = Debug|Any CPU
		{BACA150E-8336-4AFC-ACC6-19FF6F0E332A}.Debug|Any CPU.Build.0 = Debug|Any CPU
		{BACA150E-8336-4AFC-ACC6-19FF6F0E332A}.Release|Any CPU.ActiveCfg = Release|Any CPU
		{BACA150E-8336-4AFC-ACC6-19FF6F0E332A}.Release|Any CPU.Build.0 = Release|Any CPU
	EndGlobalSection
	GlobalSection(SolutionProperties) = preSolution
		HideSolutionNode = FALSE
	EndGlobalSection
	GlobalSection(ExtensibilityGlobals) = postSolution
		SolutionGuid = {90108B5A-F96D-4086-A735-41F6373D7B42}
	EndGlobalSection
EndGlobal
