
Microsoft Visual Studio Solution File, Format Version 12.00
# Visual Studio Version 17
VisualStudioVersion = 17.8.34330.188
MinimumVisualStudioVersion = 10.0.40219.1
Project("{FAE04EC0-301F-11D3-BF4B-00C04F79EFBC}") = "StudentRest", "StudentRest\StudentRest.csproj", "{39DEB3BF-1CD9-40A7-B01D-5EAF139DB9ED}"
EndProject
Global
	GlobalSection(SolutionConfigurationPlatforms) = preSolution
		Debug|Any CPU = Debug|Any CPU
		Release|Any CPU = Release|Any CPU
	EndGlobalSection
	GlobalSection(ProjectConfigurationPlatforms) = postSolution
		{39DEB3BF-1CD9-40A7-B01D-5EAF139DB9ED}.Debug|Any CPU.ActiveCfg = Debug|Any CPU
		{39DEB3BF-1CD9-40A7-B01D-5EAF139DB9ED}.Debug|Any CPU.Build.0 = Debug|Any CPU
		{39DEB3BF-1CD9-40A7-B01D-5EAF139DB9ED}.Release|Any CPU.ActiveCfg = Release|Any CPU
		{39DEB3BF-1CD9-40A7-B01D-5EAF139DB9ED}.Release|Any CPU.Build.0 = Release|Any CPU
	EndGlobalSection
	GlobalSection(SolutionProperties) = preSolution
		HideSolutionNode = FALSE
	EndGlobalSection
	GlobalSection(ExtensibilityGlobals) = postSolution
		SolutionGuid = {A5A40700-C801-4995-A13E-CA79B5E01428}
	EndGlobalSection
EndGlobal
