
Microsoft Visual Studio Solution File, Format Version 12.00
# Visual Studio Version 17
VisualStudioVersion = 17.8.34330.188
MinimumVisualStudioVersion = 10.0.40219.1
Project("{FAE04EC0-301F-11D3-BF4B-00C04F79EFBC}") = "2022_02_1", "2022_02_1\2022_02_1.csproj", "{2DC0F1E2-D5A9-49CC-9507-55BC27FDE5AE}"
EndProject
Global
	GlobalSection(SolutionConfigurationPlatforms) = preSolution
		Debug|Any CPU = Debug|Any CPU
		Release|Any CPU = Release|Any CPU
	EndGlobalSection
	GlobalSection(ProjectConfigurationPlatforms) = postSolution
		{2DC0F1E2-D5A9-49CC-9507-55BC27FDE5AE}.Debug|Any CPU.ActiveCfg = Debug|Any CPU
		{2DC0F1E2-D5A9-49CC-9507-55BC27FDE5AE}.Debug|Any CPU.Build.0 = Debug|Any CPU
		{2DC0F1E2-D5A9-49CC-9507-55BC27FDE5AE}.Release|Any CPU.ActiveCfg = Release|Any CPU
		{2DC0F1E2-D5A9-49CC-9507-55BC27FDE5AE}.Release|Any CPU.Build.0 = Release|Any CPU
	EndGlobalSection
	GlobalSection(SolutionProperties) = preSolution
		HideSolutionNode = FALSE
	EndGlobalSection
	GlobalSection(ExtensibilityGlobals) = postSolution
		SolutionGuid = {3EF7C1C8-D470-4C45-B51D-BCECB4E03A0A}
	EndGlobalSection
EndGlobal
